
Microsoft Visual Studio Solution File, Format Version 12.00
# Visual Studio Version 17
VisualStudioVersion = 17.12.35506.116 d17.12
MinimumVisualStudioVersion = 10.0.40219.1
Project("{FAE04EC0-301F-11D3-BF4B-00C04F79EFBC}") = "StevenSoftware.Server", "StevenSoftware.Server\StevenSoftware.Server.csproj", "{779601F4-3E7A-4CAE-8F15-EC1D5C85DF7D}"
EndProject
Project("{54A90642-561A-4BB1-A94E-469ADEE60C69}") = "stevensoftware.client", "stevensoftware.client\stevensoftware.client.esproj", "{7958FEE1-9F03-454E-874B-8F82A0BD3ABF}"
EndProject
Global
	GlobalSection(SolutionConfigurationPlatforms) = preSolution
		Debug|Any CPU = Debug|Any CPU
		Release|Any CPU = Release|Any CPU
	EndGlobalSection
	GlobalSection(ProjectConfigurationPlatforms) = postSolution
		{779601F4-3E7A-4CAE-8F15-EC1D5C85DF7D}.Debug|Any CPU.ActiveCfg = Debug|Any CPU
		{779601F4-3E7A-4CAE-8F15-EC1D5C85DF7D}.Debug|Any CPU.Build.0 = Debug|Any CPU
		{779601F4-3E7A-4CAE-8F15-EC1D5C85DF7D}.Release|Any CPU.ActiveCfg = Release|Any CPU
		{779601F4-3E7A-4CAE-8F15-EC1D5C85DF7D}.Release|Any CPU.Build.0 = Release|Any CPU
		{7958FEE1-9F03-454E-874B-8F82A0BD3ABF}.Debug|Any CPU.ActiveCfg = Debug|Any CPU
		{7958FEE1-9F03-454E-874B-8F82A0BD3ABF}.Debug|Any CPU.Build.0 = Debug|Any CPU
		{7958FEE1-9F03-454E-874B-8F82A0BD3ABF}.Debug|Any CPU.Deploy.0 = Debug|Any CPU
		{7958FEE1-9F03-454E-874B-8F82A0BD3ABF}.Release|Any CPU.ActiveCfg = Release|Any CPU
		{7958FEE1-9F03-454E-874B-8F82A0BD3ABF}.Release|Any CPU.Build.0 = Release|Any CPU
		{7958FEE1-9F03-454E-874B-8F82A0BD3ABF}.Release|Any CPU.Deploy.0 = Release|Any CPU
	EndGlobalSection
	GlobalSection(SolutionProperties) = preSolution
		HideSolutionNode = FALSE
	EndGlobalSection
EndGlobal
